
Microsoft Visual Studio Solution File, Format Version 12.00
# Visual Studio Version 17
VisualStudioVersion = 17.6.33723.286
MinimumVisualStudioVersion = 10.0.40219.1
Project("{FAE04EC0-301F-11D3-BF4B-00C04F79EFBC}") = "Kanini-Tourism", "Kanini-Tourism.csproj", "{4A837657-4CAB-458D-AE1C-A5D00BB643F6}"
EndProject
Global
	GlobalSection(SolutionConfigurationPlatforms) = preSolution
		Debug|Any CPU = Debug|Any CPU
		Release|Any CPU = Release|Any CPU
	EndGlobalSection
	GlobalSection(ProjectConfigurationPlatforms) = postSolution
		{4A837657-4CAB-458D-AE1C-A5D00BB643F6}.Debug|Any CPU.ActiveCfg = Debug|Any CPU
		{4A837657-4CAB-458D-AE1C-A5D00BB643F6}.Debug|Any CPU.Build.0 = Debug|Any CPU
		{4A837657-4CAB-458D-AE1C-A5D00BB643F6}.Release|Any CPU.ActiveCfg = Release|Any CPU
		{4A837657-4CAB-458D-AE1C-A5D00BB643F6}.Release|Any CPU.Build.0 = Release|Any CPU
	EndGlobalSection
	GlobalSection(SolutionProperties) = preSolution
		HideSolutionNode = FALSE
	EndGlobalSection
	GlobalSection(ExtensibilityGlobals) = postSolution
		SolutionGuid = {AFC4EB07-3253-4306-81DF-FDE210CF8390}
	EndGlobalSection
EndGlobal
